
Microsoft Visual Studio Solution File, Format Version 12.00
# Visual Studio 14
VisualStudioVersion = 14.0.25420.1
MinimumVisualStudioVersion = 10.0.40219.1
Project("{FAE04EC0-301F-11D3-BF4B-00C04F79EFBC}") = "yfpmanager-asp", "yfpmanager-asp\yfpmanager-asp.csproj", "{C1E3DE7F-8C73-4958-9753-BCE1C729E421}"
EndProject
Project("{FAE04EC0-301F-11D3-BF4B-00C04F79EFBC}") = "yfpmanager-asp.Tests", "yfpmanager-asp.Tests\yfpmanager-asp.Tests.csproj", "{D4890832-69DE-4806-A68E-D99DE277A596}"
EndProject
Global
	GlobalSection(SolutionConfigurationPlatforms) = preSolution
		Debug|Any CPU = Debug|Any CPU
		Release|Any CPU = Release|Any CPU
	EndGlobalSection
	GlobalSection(ProjectConfigurationPlatforms) = postSolution
		{C1E3DE7F-8C73-4958-9753-BCE1C729E421}.Debug|Any CPU.ActiveCfg = Debug|Any CPU
		{C1E3DE7F-8C73-4958-9753-BCE1C729E421}.Debug|Any CPU.Build.0 = Debug|Any CPU
		{C1E3DE7F-8C73-4958-9753-BCE1C729E421}.Release|Any CPU.ActiveCfg = Release|Any CPU
		{C1E3DE7F-8C73-4958-9753-BCE1C729E421}.Release|Any CPU.Build.0 = Release|Any CPU
		{D4890832-69DE-4806-A68E-D99DE277A596}.Debug|Any CPU.ActiveCfg = Debug|Any CPU
		{D4890832-69DE-4806-A68E-D99DE277A596}.Debug|Any CPU.Build.0 = Debug|Any CPU
		{D4890832-69DE-4806-A68E-D99DE277A596}.Release|Any CPU.ActiveCfg = Release|Any CPU
		{D4890832-69DE-4806-A68E-D99DE277A596}.Release|Any CPU.Build.0 = Release|Any CPU
	EndGlobalSection
	GlobalSection(SolutionProperties) = preSolution
		HideSolutionNode = FALSE
	EndGlobalSection
EndGlobal
